{
  "name": "next-translate-mf-demo",
  "version": "0.1.0",
  "lockfileVersion": 3,
  "requires": true,
  "packages": {
    "": {
      "name": "next-translate-mf-demo",
      "version": "0.1.0",
      "license": "GPL-3.0",
      "dependencies": {
        "messageformat": "4.0.0-4"
      }
    },
    "node_modules/messageformat": {
      "version": "4.0.0-4",
      "resolved": "https://registry.npmjs.org/messageformat/-/messageformat-4.0.0-4.tgz",
      "integrity": "sha512-c79wT00C+wc7N1weftk3J3mAkS9MxLDQePuVxNqFK2325Wej/pRszAGnQvlQ8N9nSaVeFENFUpRMKkHwjXY7Qw=="
    }
  }
}
